
Microsoft Visual Studio Solution File, Format Version 12.00
# Visual Studio 2012
Project("{FAE04EC0-301F-11D3-BF4B-00C04F79EFBC}") = "CerealBox", "src\CerealBox\CerealBox.csproj", "{C74753D3-471C-4858-BAC7-2C006698F59E}"
EndProject
Project("{FAE04EC0-301F-11D3-BF4B-00C04F79EFBC}") = "CerealBox.Tests", "src\CerealBox.Tests\CerealBox.Tests.csproj", "{8BCA62D5-8AD7-4BB2-B82C-9D05BA235098}"
EndProject
Global
	GlobalSection(SolutionConfigurationPlatforms) = preSolution
		Debug|Any CPU = Debug|Any CPU
		Release|Any CPU = Release|Any CPU
	EndGlobalSection
	GlobalSection(ProjectConfigurationPlatforms) = postSolution
		{C74753D3-471C-4858-BAC7-2C006698F59E}.Debug|Any CPU.ActiveCfg = Debug|Any CPU
		{C74753D3-471C-4858-BAC7-2C006698F59E}.Debug|Any CPU.Build.0 = Debug|Any CPU
		{C74753D3-471C-4858-BAC7-2C006698F59E}.Release|Any CPU.ActiveCfg = Release|Any CPU
		{C74753D3-471C-4858-BAC7-2C006698F59E}.Release|Any CPU.Build.0 = Release|Any CPU
		{8BCA62D5-8AD7-4BB2-B82C-9D05BA235098}.Debug|Any CPU.ActiveCfg = Debug|Any CPU
		{8BCA62D5-8AD7-4BB2-B82C-9D05BA235098}.Debug|Any CPU.Build.0 = Debug|Any CPU
		{8BCA62D5-8AD7-4BB2-B82C-9D05BA235098}.Release|Any CPU.ActiveCfg = Release|Any CPU
		{8BCA62D5-8AD7-4BB2-B82C-9D05BA235098}.Release|Any CPU.Build.0 = Release|Any CPU
	EndGlobalSection
	GlobalSection(SolutionProperties) = preSolution
		HideSolutionNode = FALSE
	EndGlobalSection
EndGlobal
